<Solution>
  <Folder Name="/src/">
    <Project Path="src/PaymentHub.Application/PaymentHub.Application.csproj" />
    <Project Path="src/PaymentHub.Domain/PaymentHub.Domain.csproj" />
    <Project Path="src/PaymentHub.Infrastructure/PaymentHub.Infrastructure.csproj" />
    <Project Path="src/PaymentHub/PaymentHub.csproj" />
  </Folder>
  <Folder Name="/tests/">
    <Project Path="tests/PaymentHub.Integration/PaymentHub.Integration.csproj" Id="7553b4a2-59a3-4032-9752-29a3d78068c1" />
    <Project Path="tests/PaymentHub.Unit/PaymentHub.Unit.csproj" />
  </Folder>
</Solution>
